
Microsoft Visual Studio Solution File, Format Version 12.00
# Visual Studio 15
VisualStudioVersion = 15.0.26730.10
MinimumVisualStudioVersion = 10.0.40219.1
Project("{FAE04EC0-301F-11D3-BF4B-00C04F79EFBC}") = "SmartLily", "SmartLily\SmartLily.csproj", "{659C2C42-7E8A-42B8-BAD1-F0FAFDB5991A}"
EndProject
Global
	GlobalSection(SolutionConfigurationPlatforms) = preSolution
		Debug|Any CPU = Debug|Any CPU
		Release|Any CPU = Release|Any CPU
	EndGlobalSection
	GlobalSection(ProjectConfigurationPlatforms) = postSolution
		{659C2C42-7E8A-42B8-BAD1-F0FAFDB5991A}.Debug|Any CPU.ActiveCfg = Debug|Any CPU
		{659C2C42-7E8A-42B8-BAD1-F0FAFDB5991A}.Debug|Any CPU.Build.0 = Debug|Any CPU
		{659C2C42-7E8A-42B8-BAD1-F0FAFDB5991A}.Release|Any CPU.ActiveCfg = Release|Any CPU
		{659C2C42-7E8A-42B8-BAD1-F0FAFDB5991A}.Release|Any CPU.Build.0 = Release|Any CPU
	EndGlobalSection
	GlobalSection(SolutionProperties) = preSolution
		HideSolutionNode = FALSE
	EndGlobalSection
	GlobalSection(ExtensibilityGlobals) = postSolution
		SolutionGuid = {DE31B4EE-63A5-4CA3-8932-FF41D526EC5E}
	EndGlobalSection
EndGlobal
